
Microsoft Visual Studio Solution File, Format Version 12.00
# Visual Studio Version 16
VisualStudioVersion = 16.0.30413.136
MinimumVisualStudioVersion = 10.0.40219.1
Project("{FAE04EC0-301F-11D3-BF4B-00C04F79EFBC}") = "AgeApp", "AgeApp\AgeApp.csproj", "{AED6B8C8-DF12-461D-8A34-F9BC4161421A}"
EndProject
Global
	GlobalSection(SolutionConfigurationPlatforms) = preSolution
		Debug|Any CPU = Debug|Any CPU
		Release|Any CPU = Release|Any CPU
	EndGlobalSection
	GlobalSection(ProjectConfigurationPlatforms) = postSolution
		{AED6B8C8-DF12-461D-8A34-F9BC4161421A}.Debug|Any CPU.ActiveCfg = Debug|Any CPU
		{AED6B8C8-DF12-461D-8A34-F9BC4161421A}.Debug|Any CPU.Build.0 = Debug|Any CPU
		{AED6B8C8-DF12-461D-8A34-F9BC4161421A}.Release|Any CPU.ActiveCfg = Release|Any CPU
		{AED6B8C8-DF12-461D-8A34-F9BC4161421A}.Release|Any CPU.Build.0 = Release|Any CPU
	EndGlobalSection
	GlobalSection(SolutionProperties) = preSolution
		HideSolutionNode = FALSE
	EndGlobalSection
	GlobalSection(ExtensibilityGlobals) = postSolution
		SolutionGuid = {509D0A20-641F-4CFE-90A4-85E0E88EC326}
	EndGlobalSection
EndGlobal
